
Microsoft Visual Studio Solution File, Format Version 11.00
# Visual Studio 2010
Project("{FAE04EC0-301F-11D3-BF4B-00C04F79EFBC}") = "BuilderPattern_example2", "BuilderPattern_example2\BuilderPattern_example2.csproj", "{BA323BAB-FFA8-4581-B81F-5DEF69020FB8}"
EndProject
Global
	GlobalSection(SolutionConfigurationPlatforms) = preSolution
		Debug|x86 = Debug|x86
		Release|x86 = Release|x86
	EndGlobalSection
	GlobalSection(ProjectConfigurationPlatforms) = postSolution
		{BA323BAB-FFA8-4581-B81F-5DEF69020FB8}.Debug|x86.ActiveCfg = Debug|x86
		{BA323BAB-FFA8-4581-B81F-5DEF69020FB8}.Debug|x86.Build.0 = Debug|x86
		{BA323BAB-FFA8-4581-B81F-5DEF69020FB8}.Release|x86.ActiveCfg = Release|x86
		{BA323BAB-FFA8-4581-B81F-5DEF69020FB8}.Release|x86.Build.0 = Release|x86
	EndGlobalSection
	GlobalSection(SolutionProperties) = preSolution
		HideSolutionNode = FALSE
	EndGlobalSection
EndGlobal
